
Microsoft Visual Studio Solution File, Format Version 12.00
# Visual Studio 15
Project("{FAE04EC0-301F-11D3-BF4B-00C04F79EFBC}") = "Assembly-CSharp", "Assembly-CSharp.csproj", "{9108E0CC-5900-84CD-F9D6-B70A110C88AA}"
EndProject
Global
	GlobalSection(SolutionConfigurationPlatforms) = preSolution
		Debug|Any CPU = Debug|Any CPU
		Release|Any CPU = Release|Any CPU
	EndGlobalSection
	GlobalSection(ProjectConfigurationPlatforms) = postSolution
		{9108E0CC-5900-84CD-F9D6-B70A110C88AA}.Debug|Any CPU.ActiveCfg = Debug|Any CPU
		{9108E0CC-5900-84CD-F9D6-B70A110C88AA}.Debug|Any CPU.Build.0 = Debug|Any CPU
		{9108E0CC-5900-84CD-F9D6-B70A110C88AA}.Release|Any CPU.ActiveCfg = Release|Any CPU
		{9108E0CC-5900-84CD-F9D6-B70A110C88AA}.Release|Any CPU.Build.0 = Release|Any CPU
	EndGlobalSection
	GlobalSection(SolutionProperties) = preSolution
		HideSolutionNode = FALSE
	EndGlobalSection
EndGlobal
